{
  "version": "2",
  "remote": {
    "https://deno.land/std@0.140.0/async/abortable.ts": "87aa7230be8360c24ad437212311c9e8d4328854baec27b4c7abb26e85515c06",
    "https://deno.land/std@0.140.0/async/deadline.ts": "48ac998d7564969f3e6ec6b6f9bf0217ebd00239b1b2292feba61272d5dd58d0",
    "https://deno.land/std@0.140.0/async/debounce.ts": "564273ef242bcfcda19a439132f940db8694173abffc159ea34f07d18fc42620",
    "https://deno.land/std@0.140.0/async/deferred.ts": "bc18e28108252c9f67dfca2bbc4587c3cbf3aeb6e155f8c864ca8ecff992b98a",
    "https://deno.land/std@0.140.0/async/delay.ts": "cbbdf1c87d1aed8edc7bae13592fb3e27e3106e0748f089c263390d4f49e5f6c",
    "https://deno.land/std@0.140.0/async/mod.ts": "6e42e275b44367361a81842dd1a789c55ab206d7c8a877d7163ab5c460625be6",
    "https://deno.land/std@0.140.0/async/mux_async_iterator.ts": "f4d1d259b0c694d381770ddaaa4b799a94843eba80c17f4a2ec2949168e52d1e",
    "https://deno.land/std@0.140.0/async/pool.ts": "97b0dd27c69544e374df857a40902e74e39532f226005543eabacb551e277082",
    "https://deno.land/std@0.140.0/async/tee.ts": "1341feb1f5b1a96f8628d0f8fc07d8c43d3813423f18a63bf1b4785568d21b1f",
    "https://deno.land/std@0.140.0/http/server.ts": "3da75405704bebcf212a55966a68a489f7e094ba52b5d38f181fe0ef8461a55d",
    "https://esm.sh/react-dom@18.2.0/server": "bf857ebba56ff6e17faccac3c49e62aee2d5cb4f00d78842a8728d66a1362cd6",
    "https://esm.sh/react-markdown@8.0.7": "148604981846d3ac1930cb560b1d4e0ced915d070c23921871b3f19b36d8e6e0",
    "https://esm.sh/react@18.2.0": "8950a34a030620fce8349d6bd3913b3bdb186c5ec7968fa5ba4d054e22d78e6c",
    "https://esm.sh/sanitize-filename@1.6.3": "3f9e034d27b39ea639b70fabc55249ff51afc678b539eb12cfa40e9f59b0b793",
    "https://esm.sh/stable/react@18.2.0/denonext/react.mjs": "3c4f23bcfc53b256fcfaf6f834fa9f584c3bb7be667b2682c6cb6ba8ef88f8e6",
    "https://esm.sh/v125/bail@2.0.2/denonext/bail.mjs": "cab740cf24417dfad8567cbb78a49ae7e492ecca299f2b3185520805aba4d073",
    "https://esm.sh/v125/character-entities@2.0.2/denonext/character-entities.mjs": "9e8657f056310ac3ca8058eaf96cef695ee13a4bf6c302674796a882464f305c",
    "https://esm.sh/v125/comma-separated-tokens@2.0.3/denonext/comma-separated-tokens.mjs": "ad5df8a36487e0a63d15bbbb6bab8b153e08583d0d5eb6d0058cd0fc619252e0",
    "https://esm.sh/v125/decode-named-character-reference@1.0.2/denonext/decode-named-character-reference.mjs": "0c71d554edc3a5ffb8a7a9a24001ae5e28859211c4f22ad83d3046df12e5a3f4",
    "https://esm.sh/v125/extend@3.0.2/denonext/extend.mjs": "6ab9e4890dfa54ec88fa326fca525c211141d6da72188f54e9610d1281219c9e",
    "https://esm.sh/v125/hast-util-whitespace@2.0.1/denonext/hast-util-whitespace.mjs": "0d45cf1a1b1d7ba26d5a3f2fda8c929b02ef701786e656ade327d8c3f7b390bb",
    "https://esm.sh/v125/inline-style-parser@0.1.1/denonext/inline-style-parser.mjs": "dada755a348883a0b1b65f2222b2594be53ceb83c4270c5586298ef1a8de5a30",
    "https://esm.sh/v125/is-buffer@2.0.5/denonext/is-buffer.mjs": "87d027d2c668d773b7037bd49fc1c12ed6af26b9f176aacf338c7901237b8867",
    "https://esm.sh/v125/is-plain-obj@4.1.0/denonext/is-plain-obj.mjs": "d3d86a7174ad7935de7b00f904b6424c103bce530c502efb7f42114cbb1a555f",
    "https://esm.sh/v125/mdast-util-definitions@5.1.2/denonext/mdast-util-definitions.mjs": "bbb494357183670d0c634bf6d8c9b589c94f1ee3057de0efa1e7ec99fd75a426",
    "https://esm.sh/v125/mdast-util-from-markdown@1.3.1/denonext/mdast-util-from-markdown.mjs": "f7362aba147dc5dbedf9c5bda361058fb0d394af72b0a5c7ff8badb788fc1bcc",
    "https://esm.sh/v125/mdast-util-to-hast@12.3.0/denonext/mdast-util-to-hast.mjs": "ac8d483383455b21491ea8678891dba0706ffe58f0fa3031067fa24519355e93",
    "https://esm.sh/v125/mdast-util-to-string@3.2.0/denonext/mdast-util-to-string.mjs": "64fef8fd2a9fdb8abcff4ff6c086c273123c0833c13e465d6c9f82332d1e239c",
    "https://esm.sh/v125/micromark-core-commonmark@1.1.0/denonext/micromark-core-commonmark.mjs": "fedf22a2503d080301dbfeb028f0f82077aaecf1b145890178e152551f00d5d3",
    "https://esm.sh/v125/micromark-factory-destination@1.1.0/denonext/micromark-factory-destination.mjs": "0610ae0c49fffaac6d5d6d45a4cdd5a2024524e37dc642137883473dba703d73",
    "https://esm.sh/v125/micromark-factory-label@1.1.0/denonext/micromark-factory-label.mjs": "424413dccd22890f7601929f585b93eb8810b405fe1d3fba824a5656ff5d3643",
    "https://esm.sh/v125/micromark-factory-space@1.1.0/denonext/micromark-factory-space.mjs": "ea7b684db4f0e6d68ff35d8babd88c146bd5e4754f641f282037e369a2667517",
    "https://esm.sh/v125/micromark-factory-title@1.1.0/denonext/micromark-factory-title.mjs": "5ded814ba88dc0c5f36f0067418c000d9cf0737b98f99994a89e2ae65af6a3f1",
    "https://esm.sh/v125/micromark-factory-whitespace@1.1.0/denonext/micromark-factory-whitespace.mjs": "6c301e0b048242489591f2f3471a05cfc2696d479f7cdc40744008b2493229b2",
    "https://esm.sh/v125/micromark-util-character@1.2.0/denonext/micromark-util-character.mjs": "be2f95646c829378e2f33d0e8b03e7e057f2387cd54f9c18c3d48a87fbc909c9",
    "https://esm.sh/v125/micromark-util-chunked@1.1.0/denonext/micromark-util-chunked.mjs": "896f816c52b791283f998076bcea3ff9a4bbd2bf858d96be6079400939ae8c9d",
    "https://esm.sh/v125/micromark-util-classify-character@1.1.0/denonext/micromark-util-classify-character.mjs": "c0729214295c16ad5a41b24232cd16c5fb0824c2dcc71d542b0933a99b3f8417",
    "https://esm.sh/v125/micromark-util-combine-extensions@1.1.0/denonext/micromark-util-combine-extensions.mjs": "e557be17d033d8fe9ca36927e24ab60099285a372dcad8c17a19de2272042b15",
    "https://esm.sh/v125/micromark-util-decode-numeric-character-reference@1.1.0/denonext/micromark-util-decode-numeric-character-reference.mjs": "d9d2a8fc3648db44a49c0284d088db354b39c5623e1497c4127ad103594a7948",
    "https://esm.sh/v125/micromark-util-decode-string@1.1.0/denonext/micromark-util-decode-string.mjs": "c105b348d672c4c5ea55a46125699355659891681e2aee42b58a02c0873682de",
    "https://esm.sh/v125/micromark-util-encode@1.1.0/denonext/micromark-util-encode.mjs": "e9c399d8913ebe2b736a8259fb061740fd8ad632e7f933e27fb67f442c7e48e3",
    "https://esm.sh/v125/micromark-util-html-tag-name@1.2.0/denonext/micromark-util-html-tag-name.mjs": "81ed9b1fe3f6dd5290991b4bf39d034ddfd6cdbb4f5352ab61769e4c2eb3fbd3",
    "https://esm.sh/v125/micromark-util-normalize-identifier@1.1.0/denonext/micromark-util-normalize-identifier.mjs": "27b873a22954a139d8215b722b0a867b4f1f718cd261ea3f884f997a0d3e0e08",
    "https://esm.sh/v125/micromark-util-resolve-all@1.1.0/denonext/micromark-util-resolve-all.mjs": "ee8f55a86b2bfcc1be3d15bbd8b106755a51916ae4c75c962cc044f6b2a22d46",
    "https://esm.sh/v125/micromark-util-sanitize-uri@1.2.0/denonext/micromark-util-sanitize-uri.mjs": "81c35baf983ae96b809c421ae25c64223461c1409e7203dc951ccd1bf73c2325",
    "https://esm.sh/v125/micromark-util-subtokenize@1.1.0/denonext/micromark-util-subtokenize.mjs": "f84fbf2e9853e41e7fbe912705505be2233967270dba5f3b12f22eb4d4f68cf6",
    "https://esm.sh/v125/micromark@3.2.0/denonext/lib/parse.js": "a9a90718ee5eafb25b6f7f1f263c7be0a69919873a1cf1d8671829c7d2d1de55",
    "https://esm.sh/v125/micromark@3.2.0/denonext/lib/postprocess.js": "78af197d2906c033ae0f81ee5a9eb03b37d42cac0535f75e98174a948cae2fb5",
    "https://esm.sh/v125/micromark@3.2.0/denonext/lib/preprocess.js": "786db83c43e9d21f14bc37b6c05f061ca4a1db862ffed10c07ca1e6843f73fae",
    "https://esm.sh/v125/prop-types@15.8.1/denonext/prop-types.mjs": "c4ce53e88327d3911a960c3f34e76f114fce31a9e45139427a0df4fad24c1bd5",
    "https://esm.sh/v125/property-information@6.2.0/denonext/property-information.mjs": "c36042799161605d2ba2af318abf697a41e77e7ef5c80f5740de470db7776b9c",
    "https://esm.sh/v125/react-is@18.2.0/denonext/react-is.mjs": "07ca6a7473ccbb06466e805c8253ade80bd664a0f486cf020864c22c27a60479",
    "https://esm.sh/v125/react-markdown@8.0.7/denonext/react-markdown.mjs": "6088315df2f3f68195dfcb751c9e2358cce74158d0b023526d7c560c2757dde1",
    "https://esm.sh/v125/remark-parse@10.0.2/denonext/remark-parse.mjs": "97743a1b8e698444f5ee2dff5e1d3819c39f97a61d680e5b8a3af764220524d1",
    "https://esm.sh/v125/remark-rehype@10.1.0/denonext/remark-rehype.mjs": "654c58ff1796da8697b4230a5f309edea446788ca8c7ad85ca2d4342cf6008d2",
    "https://esm.sh/v125/sanitize-filename@1.6.3/denonext/sanitize-filename.mjs": "308382be9e06e56aede42070481fc42d6e2876706553217c6e5e606e053315dd",
    "https://esm.sh/v125/space-separated-tokens@2.0.2/denonext/space-separated-tokens.mjs": "f30773a9959cacfe7511c250e5d125a9f88ee00d3aef6e87b4d17fe49806b276",
    "https://esm.sh/v125/style-to-object@0.4.1/denonext/style-to-object.mjs": "af37a9824f1720c738a65c9c663a7aa838962e43547fa33e4f1278d4bcb07a2c",
    "https://esm.sh/v125/trim-lines@3.0.1/denonext/trim-lines.mjs": "f01a20253341eb2554f307ab05bc9cd93d6f33bcbb24fde2fc9fcd857564283e",
    "https://esm.sh/v125/trough@2.1.0/denonext/trough.mjs": "d7c1b66bf8739a28bcc6bbf17919f6b54b7b25cceabfb0e694d192232c83f1fd",
    "https://esm.sh/v125/truncate-utf8-bytes@1.0.2/denonext/truncate-utf8-bytes.mjs": "10a1306da27a8b32f14c36b3a87fa9e16fc0e804e47a15da92a3f4462d944660",
    "https://esm.sh/v125/unified@10.1.2/denonext/unified.mjs": "3c5b46c28f93802b41c7a1e55ea723aa488e0b2e237b4d1350aa3d94cf395e61",
    "https://esm.sh/v125/unist-util-generated@2.0.1/denonext/unist-util-generated.mjs": "ff9c54405f6aedb39847fd975a3f528129089e74dd61e9408d5b1b09d8a13dc1",
    "https://esm.sh/v125/unist-util-is@5.2.1/denonext/unist-util-is.mjs": "771abea65db57c71e2a3d98200242c362337617e63881fc9954e891dde32277c",
    "https://esm.sh/v125/unist-util-position@4.0.4/denonext/unist-util-position.mjs": "be87a00f3663c09267443ef900692719014d966ef84969cb9ad7b9cfc4cd6157",
    "https://esm.sh/v125/unist-util-stringify-position@3.0.3/denonext/unist-util-stringify-position.mjs": "e3b2256d68ec8d5ceeb204afe84492e69182ad264a876309a33def43aa34111d",
    "https://esm.sh/v125/unist-util-visit-parents@5.1.3/denonext/unist-util-visit-parents.mjs": "db81c9690b43c24a4d9f46991505cae6879f2556c0f0cddf055865a01a6249e2",
    "https://esm.sh/v125/unist-util-visit@4.1.2/denonext/unist-util-visit.mjs": "dd8fe5831d9ce604f036f68950baa122f516b4752b4996e9e266cd949b4b1440",
    "https://esm.sh/v125/utf8-byte-length@1.0.4/denonext/browser.js": "23e8fb7c678074c7f1f3813a28b06913fc4f16924f66a247461a3ea9f79eea97",
    "https://esm.sh/v125/vfile-message@3.1.4/denonext/vfile-message.mjs": "4509b1ee1987b1482e87db802526db75875d8d0fcdecfe235a0b43939996cfbb",
    "https://esm.sh/v125/vfile@5.3.7/denonext/vfile.mjs": "e6f1719a30b0e43ed59ae02a32d27ab7956707ab5df73c6a27749a7a88d6e455",
    "https://esm.sh/v126/react-dom@18.2.0/denonext/server.js": "51030d008ce815bfad630aba624108044aa58b3a27e55410c7589a90b56edfe6"
  }
}
